
Microsoft Visual Studio Solution File, Format Version 12.00
# Visual Studio Version 17
VisualStudioVersion = 17.11.35312.102
MinimumVisualStudioVersion = 10.0.40219.1
Project("{2150E333-8FDC-42A3-9474-1A3956D46DE8}") = "Services", "Services", "{2414CAB9-AA58-49EC-B35F-B08428ABECBE}"
EndProject
Project("{2150E333-8FDC-42A3-9474-1A3956D46DE8}") = "Catalog", "Catalog", "{D4F9F358-6E3B-42FC-A14C-86C4C89B306E}"
EndProject
Project("{2150E333-8FDC-42A3-9474-1A3956D46DE8}") = "Core", "Core", "{9F62A82C-7A36-4A4D-B059-39475BC49760}"
EndProject
Project("{9A19103F-16F7-4668-BE54-9A1E7A4F7556}") = "BuildingBlocks", "Core\BuildingBlocks\BuildingBlocks.csproj", "{AA1735C1-F691-421F-A868-931CDF90A32B}"
EndProject
Project("{E53339B2-1760-4266-BCC7-CA923CBCF16C}") = "docker-compose", "docker-compose.dcproj", "{B29DB2C9-DB6A-4299-8130-790EC1170254}"
EndProject
Project("{9A19103F-16F7-4668-BE54-9A1E7A4F7556}") = "Catalog.API", "Services\Catalog\Catalog.API\Catalog.API.csproj", "{94662CCA-BEEC-4530-AE97-8137C84FF15E}"
EndProject
Project("{2150E333-8FDC-42A3-9474-1A3956D46DE8}") = "Basket", "Basket", "{A1831E83-06AF-4587-BA1D-CAA37D80FBB3}"
EndProject
Project("{9A19103F-16F7-4668-BE54-9A1E7A4F7556}") = "Basket.API", "Services\Basket\Basket.API\Basket.API.csproj", "{0341FAB8-A09D-4988-B7E6-1965E07FA2C5}"
EndProject
Project("{2150E333-8FDC-42A3-9474-1A3956D46DE8}") = "Discount", "Discount", "{E10ABE50-A925-4DBB-BAAD-9FEC3A092259}"
EndProject
Project("{FAE04EC0-301F-11D3-BF4B-00C04F79EFBC}") = "Discount.Grpc", "Services\Discount.Grpc\Discount.Grpc.csproj", "{871F75D4-267A-4068-A35A-B990590AA274}"
EndProject
Global
	GlobalSection(SolutionConfigurationPlatforms) = preSolution
		Debug|Any CPU = Debug|Any CPU
		Release|Any CPU = Release|Any CPU
	EndGlobalSection
	GlobalSection(ProjectConfigurationPlatforms) = postSolution
		{AA1735C1-F691-421F-A868-931CDF90A32B}.Debug|Any CPU.ActiveCfg = Debug|Any CPU
		{AA1735C1-F691-421F-A868-931CDF90A32B}.Debug|Any CPU.Build.0 = Debug|Any CPU
		{AA1735C1-F691-421F-A868-931CDF90A32B}.Release|Any CPU.ActiveCfg = Release|Any CPU
		{AA1735C1-F691-421F-A868-931CDF90A32B}.Release|Any CPU.Build.0 = Release|Any CPU
		{B29DB2C9-DB6A-4299-8130-790EC1170254}.Debug|Any CPU.ActiveCfg = Debug|Any CPU
		{B29DB2C9-DB6A-4299-8130-790EC1170254}.Debug|Any CPU.Build.0 = Debug|Any CPU
		{B29DB2C9-DB6A-4299-8130-790EC1170254}.Release|Any CPU.ActiveCfg = Release|Any CPU
		{B29DB2C9-DB6A-4299-8130-790EC1170254}.Release|Any CPU.Build.0 = Release|Any CPU
		{94662CCA-BEEC-4530-AE97-8137C84FF15E}.Debug|Any CPU.ActiveCfg = Debug|Any CPU
		{94662CCA-BEEC-4530-AE97-8137C84FF15E}.Debug|Any CPU.Build.0 = Debug|Any CPU
		{94662CCA-BEEC-4530-AE97-8137C84FF15E}.Release|Any CPU.ActiveCfg = Release|Any CPU
		{94662CCA-BEEC-4530-AE97-8137C84FF15E}.Release|Any CPU.Build.0 = Release|Any CPU
		{0341FAB8-A09D-4988-B7E6-1965E07FA2C5}.Debug|Any CPU.ActiveCfg = Debug|Any CPU
		{0341FAB8-A09D-4988-B7E6-1965E07FA2C5}.Debug|Any CPU.Build.0 = Debug|Any CPU
		{0341FAB8-A09D-4988-B7E6-1965E07FA2C5}.Release|Any CPU.ActiveCfg = Release|Any CPU
		{0341FAB8-A09D-4988-B7E6-1965E07FA2C5}.Release|Any CPU.Build.0 = Release|Any CPU
		{871F75D4-267A-4068-A35A-B990590AA274}.Debug|Any CPU.ActiveCfg = Debug|Any CPU
		{871F75D4-267A-4068-A35A-B990590AA274}.Debug|Any CPU.Build.0 = Debug|Any CPU
		{871F75D4-267A-4068-A35A-B990590AA274}.Release|Any CPU.ActiveCfg = Release|Any CPU
		{871F75D4-267A-4068-A35A-B990590AA274}.Release|Any CPU.Build.0 = Release|Any CPU
	EndGlobalSection
	GlobalSection(SolutionProperties) = preSolution
		HideSolutionNode = FALSE
	EndGlobalSection
	GlobalSection(NestedProjects) = preSolution
		{D4F9F358-6E3B-42FC-A14C-86C4C89B306E} = {2414CAB9-AA58-49EC-B35F-B08428ABECBE}
		{AA1735C1-F691-421F-A868-931CDF90A32B} = {9F62A82C-7A36-4A4D-B059-39475BC49760}
		{94662CCA-BEEC-4530-AE97-8137C84FF15E} = {D4F9F358-6E3B-42FC-A14C-86C4C89B306E}
		{A1831E83-06AF-4587-BA1D-CAA37D80FBB3} = {2414CAB9-AA58-49EC-B35F-B08428ABECBE}
		{0341FAB8-A09D-4988-B7E6-1965E07FA2C5} = {A1831E83-06AF-4587-BA1D-CAA37D80FBB3}
		{E10ABE50-A925-4DBB-BAAD-9FEC3A092259} = {2414CAB9-AA58-49EC-B35F-B08428ABECBE}
		{871F75D4-267A-4068-A35A-B990590AA274} = {E10ABE50-A925-4DBB-BAAD-9FEC3A092259}
	EndGlobalSection
	GlobalSection(ExtensibilityGlobals) = postSolution
		SolutionGuid = {0E29B427-9AD0-45AE-838E-97AD33F94842}
	EndGlobalSection
EndGlobal
